// !$*UTF8*$!
{
	archiveVersion = 1;
	classes = {
	};
	objectVersion = 56;
	objects = {

/* Begin PBXBuildFile section */
		8D912C7E2B22EA720022A5A1 /* MacroMindApp.swift in Sources */ = {isa = PBXBuildFile; fileRef = 8D912C7D2B22EA720022A5A1 /* MacroMindApp.swift */; };
		8D912C802B22EA720022A5A1 /* ContentView.swift in Sources */ = {isa = PBXBuildFile; fileRef = 8D912C7F2B22EA720022A5A1 /* ContentView.swift */; };
		8D912C822B22EA730022A5A1 /* Assets.xcassets in Resources */ = {isa = PBXBuildFile; fileRef = 8D912C812B22EA730022A5A1 /* Assets.xcassets */; };
		8D912C852B22EA730022A5A1 /* Preview Assets.xcassets in Resources */ = {isa = PBXBuildFile; fileRef = 8D912C842B22EA730022A5A1 /* Preview Assets.xcassets */; };
		8D912C8F2B22EA740022A5A1 /* MacroMindTests.swift in Sources */ = {isa = PBXBuildFile; fileRef = 8D912C8E2B22EA740022A5A1 /* MacroMindTests.swift */; };
		8D912C992B22EA740022A5A1 /* MacroMindUITests.swift in Sources */ = {isa = PBXBuildFile; fileRef = 8D912C982B22EA740022A5A1 /* MacroMindUITests.swift */; };
		8D912C9B2B22EA740022A5A1 /* MacroMindUITestsLaunchTests.swift in Sources */ = {isa = PBXBuildFile; fileRef = 8D912C9A2B22EA740022A5A1 /* MacroMindUITestsLaunchTests.swift */; };
		8D912CA82B22EC4C0022A5A1 /* CalendarView.swift in Sources */ = {isa = PBXBuildFile; fileRef = 8D912CA72B22EC4C0022A5A1 /* CalendarView.swift */; };
		8D912CAA2B22ECBA0022A5A1 /* DashboardView.swift in Sources */ = {isa = PBXBuildFile; fileRef = 8D912CA92B22ECBA0022A5A1 /* DashboardView.swift */; };
		8D912CAC2B22ECD30022A5A1 /* ProgressBarWithLabel.swift in Sources */ = {isa = PBXBuildFile; fileRef = 8D912CAB2B22ECD30022A5A1 /* ProgressBarWithLabel.swift */; };
		8D912CAE2B22ED0B0022A5A1 /* AddMacroView.swift in Sources */ = {isa = PBXBuildFile; fileRef = 8D912CAD2B22ED0B0022A5A1 /* AddMacroView.swift */; };
		8D912CB02B23FF9D0022A5A1 /* DataModel.swift in Sources */ = {isa = PBXBuildFile; fileRef = 8D912CAF2B23FF9D0022A5A1 /* DataModel.swift */; };
		8D912CB22B23FFB00022A5A1 /* DataManager.swift in Sources */ = {isa = PBXBuildFile; fileRef = 8D912CB12B23FFB00022A5A1 /* DataManager.swift */; };
/* End PBXBuildFile section */

/* Begin PBXContainerItemProxy section */
		8D912C8B2B22EA740022A5A1 /* PBXContainerItemProxy */ = {
			isa = PBXContainerItemProxy;
			containerPortal = 8D912C722B22EA720022A5A1 /* Project object */;
			proxyType = 1;
			remoteGlobalIDString = 8D912C792B22EA720022A5A1;
			remoteInfo = MacroMind;
		};
		8D912C952B22EA740022A5A1 /* PBXContainerItemProxy */ = {
			isa = PBXContainerItemProxy;
			containerPortal = 8D912C722B22EA720022A5A1 /* Project object */;
			proxyType = 1;
			remoteGlobalIDString = 8D912C792B22EA720022A5A1;
			remoteInfo = MacroMind;
		};
/* End PBXContainerItemProxy section */

/* Begin PBXFileReference section */
		8D912C7A2B22EA720022A5A1 /* MacroMind.app */ = {isa = PBXFileReference; explicitFileType = wrapper.application; includeInIndex = 0; path = MacroMind.app; sourceTree = BUILT_PRODUCTS_DIR; };
		8D912C7D2B22EA720022A5A1 /* MacroMindApp.swift */ = {isa = PBXFileReference; lastKnownFileType = sourcecode.swift; path = MacroMindApp.swift; sourceTree = "<group>"; };
		8D912C7F2B22EA720022A5A1 /* ContentView.swift */ = {isa = PBXFileReference; lastKnownFileType = sourcecode.swift; path = ContentView.swift; sourceTree = "<group>"; };
		8D912C812B22EA730022A5A1 /* Assets.xcassets */ = {isa = PBXFileReference; lastKnownFileType = folder.assetcatalog; path = Assets.xcassets; sourceTree = "<group>"; };
		8D912C842B22EA730022A5A1 /* Preview Assets.xcassets */ = {isa = PBXFileReference; lastKnownFileType = folder.assetcatalog; path = "Preview Assets.xcassets"; sourceTree = "<group>"; };
		8D912C8A2B22EA740022A5A1 /* MacroMindTests.xctest */ = {isa = PBXFileReference; explicitFileType = wrapper.cfbundle; includeInIndex = 0; path = MacroMindTests.xctest; sourceTree = BUILT_PRODUCTS_DIR; };
		8D912C8E2B22EA740022A5A1 /* MacroMindTests.swift */ = {isa = PBXFileReference; lastKnownFileType = sourcecode.swift; path = MacroMindTests.swift; sourceTree = "<group>"; };
		8D912C942B22EA740022A5A1 /* MacroMindUITests.xctest */ = {isa = PBXFileReference; explicitFileType = wrapper.cfbundle; includeInIndex = 0; path = MacroMindUITests.xctest; sourceTree = BUILT_PRODUCTS_DIR; };
		8D912C982B22EA740022A5A1 /* MacroMindUITests.swift */ = {isa = PBXFileReference; lastKnownFileType = sourcecode.swift; path = MacroMindUITests.swift; sourceTree = "<group>"; };
		8D912C9A2B22EA740022A5A1 /* MacroMindUITestsLaunchTests.swift */ = {isa = PBXFileReference; lastKnownFileType = sourcecode.swift; path = MacroMindUITestsLaunchTests.swift; sourceTree = "<group>"; };
		8D912CA72B22EC4C0022A5A1 /* CalendarView.swift */ = {isa = PBXFileReference; lastKnownFileType = sourcecode.swift; path = CalendarView.swift; sourceTree = "<group>"; };
		8D912CA92B22ECBA0022A5A1 /* DashboardView.swift */ = {isa = PBXFileReference; lastKnownFileType = sourcecode.swift; path = DashboardView.swift; sourceTree = "<group>"; };
		8D912CAB2B22ECD30022A5A1 /* ProgressBarWithLabel.swift */ = {isa = PBXFileReference; lastKnownFileType = sourcecode.swift; path = ProgressBarWithLabel.swift; sourceTree = "<group>"; };
		8D912CAD2B22ED0B0022A5A1 /* AddMacroView.swift */ = {isa = PBXFileReference; lastKnownFileType = sourcecode.swift; path = AddMacroView.swift; sourceTree = "<group>"; };
		8D912CAF2B23FF9D0022A5A1 /* DataModel.swift */ = {isa = PBXFileReference; lastKnownFileType = sourcecode.swift; path = DataModel.swift; sourceTree = "<group>"; };
		8D912CB12B23FFB00022A5A1 /* DataManager.swift */ = {isa = PBXFileReference; lastKnownFileType = sourcecode.swift; path = DataManager.swift; sourceTree = "<group>"; };
/* End PBXFileReference section */

/* Begin PBXFrameworksBuildPhase section */
		8D912C772B22EA720022A5A1 /* Frameworks */ = {
			isa = PBXFrameworksBuildPhase;
			buildActionMask = 2147483647;
			files = (
			);
			runOnlyForDeploymentPostprocessing = 0;
		};
		8D912C872B22EA740022A5A1 /* Frameworks */ = {
			isa = PBXFrameworksBuildPhase;
			buildActionMask = 2147483647;
			files = (
			);
			runOnlyForDeploymentPostprocessing = 0;
		};
		8D912C912B22EA740022A5A1 /* Frameworks */ = {
			isa = PBXFrameworksBuildPhase;
			buildActionMask = 2147483647;
			files = (
			);
			runOnlyForDeploymentPostprocessing = 0;
		};
/* End PBXFrameworksBuildPhase section */

/* Begin PBXGroup section */
		8D912C712B22EA720022A5A1 = {
			isa = PBXGroup;
			children = (
				8D912C7C2B22EA720022A5A1 /* MacroMind */,
				8D912C8D2B22EA740022A5A1 /* MacroMindTests */,
				8D912C972B22EA740022A5A1 /* MacroMindUITests */,
				8D912C7B2B22EA720022A5A1 /* Products */,
			);
			sourceTree = "<group>";
		};
		8D912C7B2B22EA720022A5A1 /* Products */ = {
			isa = PBXGroup;
			children = (
				8D912C7A2B22EA720022A5A1 /* MacroMind.app */,
				8D912C8A2B22EA740022A5A1 /* MacroMindTests.xctest */,
				8D912C942B22EA740022A5A1 /* MacroMindUITests.xctest */,
			);
			name = Products;
			sourceTree = "<group>";
		};
		8D912C7C2B22EA720022A5A1 /* MacroMind */ = {
			isa = PBXGroup;
			children = (
				8D912C7D2B22EA720022A5A1 /* MacroMindApp.swift */,
				8D912C7F2B22EA720022A5A1 /* ContentView.swift */,
				8D912C812B22EA730022A5A1 /* Assets.xcassets */,
				8D912C832B22EA730022A5A1 /* Preview Content */,
				8D912CA72B22EC4C0022A5A1 /* CalendarView.swift */,
				8D912CA92B22ECBA0022A5A1 /* DashboardView.swift */,
				8D912CAB2B22ECD30022A5A1 /* ProgressBarWithLabel.swift */,
				8D912CAD2B22ED0B0022A5A1 /* AddMacroView.swift */,
				8D912CAF2B23FF9D0022A5A1 /* DataModel.swift */,
				8D912CB12B23FFB00022A5A1 /* DataManager.swift */,
			);
			path = MacroMind;
			sourceTree = "<group>";
		};
		8D912C832B22EA730022A5A1 /* Preview Content */ = {
			isa = PBXGroup;
			children = (
				8D912C842B22EA730022A5A1 /* Preview Assets.xcassets */,
			);
			path = "Preview Content";
			sourceTree = "<group>";
		};
		8D912C8D2B22EA740022A5A1 /* MacroMindTests */ = {
			isa = PBXGroup;
			children = (
				8D912C8E2B22EA740022A5A1 /* MacroMindTests.swift */,
			);
			path = MacroMindTests;
			sourceTree = "<group>";
		};
		8D912C972B22EA740022A5A1 /* MacroMindUITests */ = {
			isa = PBXGroup;
			children = (
				8D912C982B22EA740022A5A1 /* MacroMindUITests.swift */,
				8D912C9A2B22EA740022A5A1 /* MacroMindUITestsLaunchTests.swift */,
			);
			path = MacroMindUITests;
			sourceTree = "<group>";
		};
/* End PBXGroup section */

/* Begin PBXNativeTarget section */
		8D912C792B22EA720022A5A1 /* MacroMind */ = {
			isa = PBXNativeTarget;
			buildConfigurationList = 8D912C9E2B22EA740022A5A1 /* Build configuration list for PBXNativeTarget "MacroMind" */;
			buildPhases = (
				8D912C762B22EA720022A5A1 /* Sources */,
				8D912C772B22EA720022A5A1 /* Frameworks */,
				8D912C782B22EA720022A5A1 /* Resources */,
			);
			buildRules = (
			);
			dependencies = (
			);
			name = MacroMind;
			productName = MacroMind;
			productReference = 8D912C7A2B22EA720022A5A1 /* MacroMind.app */;
			productType = "com.apple.product-type.application";
		};
		8D912C892B22EA740022A5A1 /* MacroMindTests */ = {
			isa = PBXNativeTarget;
			buildConfigurationList = 8D912CA12B22EA740022A5A1 /* Build configuration list for PBXNativeTarget "MacroMindTests" */;
			buildPhases = (
				8D912C862B22EA740022A5A1 /* Sources */,
				8D912C872B22EA740022A5A1 /* Frameworks */,
				8D912C882B22EA740022A5A1 /* Resources */,
			);
			buildRules = (
			);
			dependencies = (
				8D912C8C2B22EA740022A5A1 /* PBXTargetDependency */,
			);
			name = MacroMindTests;
			productName = MacroMindTests;
			productReference = 8D912C8A2B22EA740022A5A1 /* MacroMindTests.xctest */;
			productType = "com.apple.product-type.bundle.unit-test";
		};
		8D912C932B22EA740022A5A1 /* MacroMindUITests */ = {
			isa = PBXNativeTarget;
			buildConfigurationList = 8D912CA42B22EA740022A5A1 /* Build configuration list for PBXNativeTarget "MacroMindUITests" */;
			buildPhases = (
				8D912C902B22EA740022A5A1 /* Sources */,
				8D912C912B22EA740022A5A1 /* Frameworks */,
				8D912C922B22EA740022A5A1 /* Resources */,
			);
			buildRules = (
			);
			dependencies = (
				8D912C962B22EA740022A5A1 /* PBXTargetDependency */,
			);
			name = MacroMindUITests;
			productName = MacroMindUITests;
			productReference = 8D912C942B22EA740022A5A1 /* MacroMindUITests.xctest */;
			productType = "com.apple.product-type.bundle.ui-testing";
		};
/* End PBXNativeTarget section */

/* Begin PBXProject section */
		8D912C722B22EA720022A5A1 /* Project object */ = {
			isa = PBXProject;
			attributes = {
				BuildIndependentTargetsInParallel = 1;
				LastSwiftUpdateCheck = 1430;
				LastUpgradeCheck = 1430;
				TargetAttributes = {
					8D912C792B22EA720022A5A1 = {
						CreatedOnToolsVersion = 14.3.1;
					};
					8D912C892B22EA740022A5A1 = {
						CreatedOnToolsVersion = 14.3.1;
						TestTargetID = 8D912C792B22EA720022A5A1;
					};
					8D912C932B22EA740022A5A1 = {
						CreatedOnToolsVersion = 14.3.1;
						TestTargetID = 8D912C792B22EA720022A5A1;
					};
				};
			};
			buildConfigurationList = 8D912C752B22EA720022A5A1 /* Build configuration list for PBXProject "MacroMind" */;
			compatibilityVersion = "Xcode 14.0";
			developmentRegion = en;
			hasScannedForEncodings = 0;
			knownRegions = (
				en,
				Base,
			);
			mainGroup = 8D912C712B22EA720022A5A1;
			productRefGroup = 8D912C7B2B22EA720022A5A1 /* Products */;
			projectDirPath = "";
			projectRoot = "";
			targets = (
				8D912C792B22EA720022A5A1 /* MacroMind */,
				8D912C892B22EA740022A5A1 /* MacroMindTests */,
				8D912C932B22EA740022A5A1 /* MacroMindUITests */,
			);
		};
/* End PBXProject section */

/* Begin PBXResourcesBuildPhase section */
		8D912C782B22EA720022A5A1 /* Resources */ = {
			isa = PBXResourcesBuildPhase;
			buildActionMask = 2147483647;
			files = (
				8D912C852B22EA730022A5A1 /* Preview Assets.xcassets in Resources */,
				8D912C822B22EA730022A5A1 /* Assets.xcassets in Resources */,
			);
			runOnlyForDeploymentPostprocessing = 0;
		};
		8D912C882B22EA740022A5A1 /* Resources */ = {
			isa = PBXResourcesBuildPhase;
			buildActionMask = 2147483647;
			files = (
			);
			runOnlyForDeploymentPostprocessing = 0;
		};
		8D912C922B22EA740022A5A1 /* Resources */ = {
			isa = PBXResourcesBuildPhase;
			buildActionMask = 2147483647;
			files = (
			);
			runOnlyForDeploymentPostprocessing = 0;
		};
/* End PBXResourcesBuildPhase section */

/* Begin PBXSourcesBuildPhase section */
		8D912C762B22EA720022A5A1 /* Sources */ = {
			isa = PBXSourcesBuildPhase;
			buildActionMask = 2147483647;
			files = (
				8D912CB02B23FF9D0022A5A1 /* DataModel.swift in Sources */,
				8D912CB22B23FFB00022A5A1 /* DataManager.swift in Sources */,
				8D912C802B22EA720022A5A1 /* ContentView.swift in Sources */,
				8D912CAA2B22ECBA0022A5A1 /* DashboardView.swift in Sources */,
				8D912C7E2B22EA720022A5A1 /* MacroMindApp.swift in Sources */,
				8D912CA82B22EC4C0022A5A1 /* CalendarView.swift in Sources */,
				8D912CAC2B22ECD30022A5A1 /* ProgressBarWithLabel.swift in Sources */,
				8D912CAE2B22ED0B0022A5A1 /* AddMacroView.swift in Sources */,
			);
			runOnlyForDeploymentPostprocessing = 0;
		};
		8D912C862B22EA740022A5A1 /* Sources */ = {
			isa = PBXSourcesBuildPhase;
			buildActionMask = 2147483647;
			files = (
				8D912C8F2B22EA740022A5A1 /* MacroMindTests.swift in Sources */,
			);
			runOnlyForDeploymentPostprocessing = 0;
		};
		8D912C902B22EA740022A5A1 /* Sources */ = {
			isa = PBXSourcesBuildPhase;
			buildActionMask = 2147483647;
			files = (
				8D912C992B22EA740022A5A1 /* MacroMindUITests.swift in Sources */,
				8D912C9B2B22EA740022A5A1 /* MacroMindUITestsLaunchTests.swift in Sources */,
			);
			runOnlyForDeploymentPostprocessing = 0;
		};
/* End PBXSourcesBuildPhase section */

/* Begin PBXTargetDependency section */
		8D912C8C2B22EA740022A5A1 /* PBXTargetDependency */ = {
			isa = PBXTargetDependency;
			target = 8D912C792B22EA720022A5A1 /* MacroMind */;
			targetProxy = 8D912C8B2B22EA740022A5A1 /* PBXContainerItemProxy */;
		};
		8D912C962B22EA740022A5A1 /* PBXTargetDependency */ = {
			isa = PBXTargetDependency;
			target = 8D912C792B22EA720022A5A1 /* MacroMind */;
			targetProxy = 8D912C952B22EA740022A5A1 /* PBXContainerItemProxy */;
		};
/* End PBXTargetDependency section */

/* Begin XCBuildConfiguration section */
		8D912C9C2B22EA740022A5A1 /* Debug */ = {
			isa = XCBuildConfiguration;
			buildSettings = {
				ALWAYS_SEARCH_USER_PATHS = NO;
				CLANG_ANALYZER_NONNULL = YES;
				CLANG_ANALYZER_NUMBER_OBJECT_CONVERSION = YES_AGGRESSIVE;
				CLANG_CXX_LANGUAGE_STANDARD = "gnu++20";
				CLANG_ENABLE_MODULES = YES;
				CLANG_ENABLE_OBJC_ARC = YES;
				CLANG_ENABLE_OBJC_WEAK = YES;
				CLANG_WARN_BLOCK_CAPTURE_AUTORELEASING = YES;
				CLANG_WARN_BOOL_CONVERSION = YES;
				CLANG_WARN_COMMA = YES;
				CLANG_WARN_CONSTANT_CONVERSION = YES;
				CLANG_WARN_DEPRECATED_OBJC_IMPLEMENTATIONS = YES;
				CLANG_WARN_DIRECT_OBJC_ISA_USAGE = YES_ERROR;
				CLANG_WARN_DOCUMENTATION_COMMENTS = YES;
				CLANG_WARN_EMPTY_BODY = YES;
				CLANG_WARN_ENUM_CONVERSION = YES;
				CLANG_WARN_INFINITE_RECURSION = YES;
				CLANG_WARN_INT_CONVERSION = YES;
				CLANG_WARN_NON_LITERAL_NULL_CONVERSION = YES;
				CLANG_WARN_OBJC_IMPLICIT_RETAIN_SELF = YES;
				CLANG_WARN_OBJC_LITERAL_CONVERSION = YES;
				CLANG_WARN_OBJC_ROOT_CLASS = YES_ERROR;
				CLANG_WARN_QUOTED_INCLUDE_IN_FRAMEWORK_HEADER = YES;
				CLANG_WARN_RANGE_LOOP_ANALYSIS = YES;
				CLANG_WARN_STRICT_PROTOTYPES = YES;
				CLANG_WARN_SUSPICIOUS_MOVE = YES;
				CLANG_WARN_UNGUARDED_AVAILABILITY = YES_AGGRESSIVE;
				CLANG_WARN_UNREACHABLE_CODE = YES;
				CLANG_WARN__DUPLICATE_METHOD_MATCH = YES;
				COPY_PHASE_STRIP = NO;
				DEBUG_INFORMATION_FORMAT = dwarf;
				ENABLE_STRICT_OBJC_MSGSEND = YES;
				ENABLE_TESTABILITY = YES;
				GCC_C_LANGUAGE_STANDARD = gnu11;
				GCC_DYNAMIC_NO_PIC = NO;
				GCC_NO_COMMON_BLOCKS = YES;
				GCC_OPTIMIZATION_LEVEL = 0;
				GCC_PREPROCESSOR_DEFINITIONS = (
					"DEBUG=1",
					"$(inherited)",
				);
				GCC_WARN_64_TO_32_BIT_CONVERSION = YES;
				GCC_WARN_ABOUT_RETURN_TYPE = YES_ERROR;
				GCC_WARN_UNDECLARED_SELECTOR = YES;
				GCC_WARN_UNINITIALIZED_AUTOS = YES_AGGRESSIVE;
				GCC_WARN_UNUSED_FUNCTION = YES;
				GCC_WARN_UNUSED_VARIABLE = YES;
				IPHONEOS_DEPLOYMENT_TARGET = 16.4;
				MTL_ENABLE_DEBUG_INFO = INCLUDE_SOURCE;
				MTL_FAST_MATH = YES;
				ONLY_ACTIVE_ARCH = YES;
				SDKROOT = iphoneos;
				SWIFT_ACTIVE_COMPILATION_CONDITIONS = DEBUG;
				SWIFT_OPTIMIZATION_LEVEL = "-Onone";
			};
			name = Debug;
		};
		8D912C9D2B22EA740022A5A1 /* Release */ = {
			isa = XCBuildConfiguration;
			buildSettings = {
				ALWAYS_SEARCH_USER_PATHS = NO;
				CLANG_ANALYZER_NONNULL = YES;
				CLANG_ANALYZER_NUMBER_OBJECT_CONVERSION = YES_AGGRESSIVE;
				CLANG_CXX_LANGUAGE_STANDARD = "gnu++20";
				CLANG_ENABLE_MODULES = YES;
				CLANG_ENABLE_OBJC_ARC = YES;
				CLANG_ENABLE_OBJC_WEAK = YES;
				CLANG_WARN_BLOCK_CAPTURE_AUTORELEASING = YES;
				CLANG_WARN_BOOL_CONVERSION = YES;
				CLANG_WARN_COMMA = YES;
				CLANG_WARN_CONSTANT_CONVERSION = YES;
				CLANG_WARN_DEPRECATED_OBJC_IMPLEMENTATIONS = YES;
				CLANG_WARN_DIRECT_OBJC_ISA_USAGE = YES_ERROR;
				CLANG_WARN_DOCUMENTATION_COMMENTS = YES;
				CLANG_WARN_EMPTY_BODY = YES;
				CLANG_WARN_ENUM_CONVERSION = YES;
				CLANG_WARN_INFINITE_RECURSION = YES;
				CLANG_WARN_INT_CONVERSION = YES;
				CLANG_WARN_NON_LITERAL_NULL_CONVERSION = YES;
				CLANG_WARN_OBJC_IMPLICIT_RETAIN_SELF = YES;
				CLANG_WARN_OBJC_LITERAL_CONVERSION = YES;
				CLANG_WARN_OBJC_ROOT_CLASS = YES_ERROR;
				CLANG_WARN_QUOTED_INCLUDE_IN_FRAMEWORK_HEADER = YES;
				CLANG_WARN_RANGE_LOOP_ANALYSIS = YES;
				CLANG_WARN_STRICT_PROTOTYPES = YES;
				CLANG_WARN_SUSPICIOUS_MOVE = YES;
				CLANG_WARN_UNGUARDED_AVAILABILITY = YES_AGGRESSIVE;
				CLANG_WARN_UNREACHABLE_CODE = YES;
				CLANG_WARN__DUPLICATE_METHOD_MATCH = YES;
				COPY_PHASE_STRIP = NO;
				DEBUG_INFORMATION_FORMAT = "dwarf-with-dsym";
				ENABLE_NS_ASSERTIONS = NO;
				ENABLE_STRICT_OBJC_MSGSEND = YES;
				GCC_C_LANGUAGE_STANDARD = gnu11;
				GCC_NO_COMMON_BLOCKS = YES;
				GCC_WARN_64_TO_32_BIT_CONVERSION = YES;
				GCC_WARN_ABOUT_RETURN_TYPE = YES_ERROR;
				GCC_WARN_UNDECLARED_SELECTOR = YES;
				GCC_WARN_UNINITIALIZED_AUTOS = YES_AGGRESSIVE;
				GCC_WARN_UNUSED_FUNCTION = YES;
				GCC_WARN_UNUSED_VARIABLE = YES;
				IPHONEOS_DEPLOYMENT_TARGET = 16.4;
				MTL_ENABLE_DEBUG_INFO = NO;
				MTL_FAST_MATH = YES;
				SDKROOT = iphoneos;
				SWIFT_COMPILATION_MODE = wholemodule;
				SWIFT_OPTIMIZATION_LEVEL = "-O";
				VALIDATE_PRODUCT = YES;
			};
			name = Release;
		};
		8D912C9F2B22EA740022A5A1 /* Debug */ = {
			isa = XCBuildConfiguration;
			buildSettings = {
				ASSETCATALOG_COMPILER_APPICON_NAME = AppIcon;
				ASSETCATALOG_COMPILER_GLOBAL_ACCENT_COLOR_NAME = AccentColor;
				CODE_SIGN_STYLE = Automatic;
				CURRENT_PROJECT_VERSION = 1;
				DEVELOPMENT_ASSET_PATHS = "\"MacroMind/Preview Content\"";
				ENABLE_PREVIEWS = YES;
				GENERATE_INFOPLIST_FILE = YES;
				INFOPLIST_KEY_UIApplicationSceneManifest_Generation = YES;
				INFOPLIST_KEY_UIApplicationSupportsIndirectInputEvents = YES;
				INFOPLIST_KEY_UILaunchScreen_Generation = YES;
				INFOPLIST_KEY_UISupportedInterfaceOrientations_iPad = "UIInterfaceOrientationPortrait UIInterfaceOrientationPortraitUpsideDown UIInterfaceOrientationLandscapeLeft UIInterfaceOrientationLandscapeRight";
				INFOPLIST_KEY_UISupportedInterfaceOrientations_iPhone = "UIInterfaceOrientationPortrait UIInterfaceOrientationLandscapeLeft UIInterfaceOrientationLandscapeRight";
				LD_RUNPATH_SEARCH_PATHS = (
					"$(inherited)",
					"@executable_path/Frameworks",
				);
				MARKETING_VERSION = 1.0;
				PRODUCT_BUNDLE_IDENTIFIER = lekovic.MacroMind;
				PRODUCT_NAME = "$(TARGET_NAME)";
				SWIFT_EMIT_LOC_STRINGS = YES;
				SWIFT_VERSION = 5.0;
				TARGETED_DEVICE_FAMILY = "1,2";
			};
			name = Debug;
		};
		8D912CA02B22EA740022A5A1 /* Release */ = {
			isa = XCBuildConfiguration;
			buildSettings = {
				ASSETCATALOG_COMPILER_APPICON_NAME = AppIcon;
				ASSETCATALOG_COMPILER_GLOBAL_ACCENT_COLOR_NAME = AccentColor;
				CODE_SIGN_STYLE = Automatic;
				CURRENT_PROJECT_VERSION = 1;
				DEVELOPMENT_ASSET_PATHS = "\"MacroMind/Preview Content\"";
				ENABLE_PREVIEWS = YES;
				GENERATE_INFOPLIST_FILE = YES;
				INFOPLIST_KEY_UIApplicationSceneManifest_Generation = YES;
				INFOPLIST_KEY_UIApplicationSupportsIndirectInputEvents = YES;
				INFOPLIST_KEY_UILaunchScreen_Generation = YES;
				INFOPLIST_KEY_UISupportedInterfaceOrientations_iPad = "UIInterfaceOrientationPortrait UIInterfaceOrientationPortraitUpsideDown UIInterfaceOrientationLandscapeLeft UIInterfaceOrientationLandscapeRight";
				INFOPLIST_KEY_UISupportedInterfaceOrientations_iPhone = "UIInterfaceOrientationPortrait UIInterfaceOrientationLandscapeLeft UIInterfaceOrientationLandscapeRight";
				LD_RUNPATH_SEARCH_PATHS = (
					"$(inherited)",
					"@executable_path/Frameworks",
				);
				MARKETING_VERSION = 1.0;
				PRODUCT_BUNDLE_IDENTIFIER = lekovic.MacroMind;
				PRODUCT_NAME = "$(TARGET_NAME)";
				SWIFT_EMIT_LOC_STRINGS = YES;
				SWIFT_VERSION = 5.0;
				TARGETED_DEVICE_FAMILY = "1,2";
			};
			name = Release;
		};
		8D912CA22B22EA740022A5A1 /* Debug */ = {
			isa = XCBuildConfiguration;
			buildSettings = {
				ALWAYS_EMBED_SWIFT_STANDARD_LIBRARIES = YES;
				BUNDLE_LOADER = "$(TEST_HOST)";
				CODE_SIGN_STYLE = Automatic;
				CURRENT_PROJECT_VERSION = 1;
				GENERATE_INFOPLIST_FILE = YES;
				IPHONEOS_DEPLOYMENT_TARGET = 16.4;
				MARKETING_VERSION = 1.0;
				PRODUCT_BUNDLE_IDENTIFIER = lekovic.MacroMindTests;
				PRODUCT_NAME = "$(TARGET_NAME)";
				SWIFT_EMIT_LOC_STRINGS = NO;
				SWIFT_VERSION = 5.0;
				TARGETED_DEVICE_FAMILY = "1,2";
				TEST_HOST = "$(BUILT_PRODUCTS_DIR)/MacroMind.app/$(BUNDLE_EXECUTABLE_FOLDER_PATH)/MacroMind";
			};
			name = Debug;
		};
		8D912CA32B22EA740022A5A1 /* Release */ = {
			isa = XCBuildConfiguration;
			buildSettings = {
				ALWAYS_EMBED_SWIFT_STANDARD_LIBRARIES = YES;
				BUNDLE_LOADER = "$(TEST_HOST)";
				CODE_SIGN_STYLE = Automatic;
				CURRENT_PROJECT_VERSION = 1;
				GENERATE_INFOPLIST_FILE = YES;
				IPHONEOS_DEPLOYMENT_TARGET = 16.4;
				MARKETING_VERSION = 1.0;
				PRODUCT_BUNDLE_IDENTIFIER = lekovic.MacroMindTests;
				PRODUCT_NAME = "$(TARGET_NAME)";
				SWIFT_EMIT_LOC_STRINGS = NO;
				SWIFT_VERSION = 5.0;
				TARGETED_DEVICE_FAMILY = "1,2";
				TEST_HOST = "$(BUILT_PRODUCTS_DIR)/MacroMind.app/$(BUNDLE_EXECUTABLE_FOLDER_PATH)/MacroMind";
			};
			name = Release;
		};
		8D912CA52B22EA740022A5A1 /* Debug */ = {
			isa = XCBuildConfiguration;
			buildSettings = {
				ALWAYS_EMBED_SWIFT_STANDARD_LIBRARIES = YES;
				CODE_SIGN_STYLE = Automatic;
				CURRENT_PROJECT_VERSION = 1;
				GENERATE_INFOPLIST_FILE = YES;
				MARKETING_VERSION = 1.0;
				PRODUCT_BUNDLE_IDENTIFIER = lekovic.MacroMindUITests;
				PRODUCT_NAME = "$(TARGET_NAME)";
				SWIFT_EMIT_LOC_STRINGS = NO;
				SWIFT_VERSION = 5.0;
				TARGETED_DEVICE_FAMILY = "1,2";
				TEST_TARGET_NAME = MacroMind;
			};
			name = Debug;
		};
		8D912CA62B22EA740022A5A1 /* Release */ = {
			isa = XCBuildConfiguration;
			buildSettings = {
				ALWAYS_EMBED_SWIFT_STANDARD_LIBRARIES = YES;
				CODE_SIGN_STYLE = Automatic;
				CURRENT_PROJECT_VERSION = 1;
				GENERATE_INFOPLIST_FILE = YES;
				MARKETING_VERSION = 1.0;
				PRODUCT_BUNDLE_IDENTIFIER = lekovic.MacroMindUITests;
				PRODUCT_NAME = "$(TARGET_NAME)";
				SWIFT_EMIT_LOC_STRINGS = NO;
				SWIFT_VERSION = 5.0;
				TARGETED_DEVICE_FAMILY = "1,2";
				TEST_TARGET_NAME = MacroMind;
			};
			name = Release;
		};
/* End XCBuildConfiguration section */

/* Begin XCConfigurationList section */
		8D912C752B22EA720022A5A1 /* Build configuration list for PBXProject "MacroMind" */ = {
			isa = XCConfigurationList;
			buildConfigurations = (
				8D912C9C2B22EA740022A5A1 /* Debug */,
				8D912C9D2B22EA740022A5A1 /* Release */,
			);
			defaultConfigurationIsVisible = 0;
			defaultConfigurationName = Release;
		};
		8D912C9E2B22EA740022A5A1 /* Build configuration list for PBXNativeTarget "MacroMind" */ = {
			isa = XCConfigurationList;
			buildConfigurations = (
				8D912C9F2B22EA740022A5A1 /* Debug */,
				8D912CA02B22EA740022A5A1 /* Release */,
			);
			defaultConfigurationIsVisible = 0;
			defaultConfigurationName = Release;
		};
		8D912CA12B22EA740022A5A1 /* Build configuration list for PBXNativeTarget "MacroMindTests" */ = {
			isa = XCConfigurationList;
			buildConfigurations = (
				8D912CA22B22EA740022A5A1 /* Debug */,
				8D912CA32B22EA740022A5A1 /* Release */,
			);
			defaultConfigurationIsVisible = 0;
			defaultConfigurationName = Release;
		};
		8D912CA42B22EA740022A5A1 /* Build configuration list for PBXNativeTarget "MacroMindUITests" */ = {
			isa = XCConfigurationList;
			buildConfigurations = (
				8D912CA52B22EA740022A5A1 /* Debug */,
				8D912CA62B22EA740022A5A1 /* Release */,
			);
			defaultConfigurationIsVisible = 0;
			defaultConfigurationName = Release;
		};
/* End XCConfigurationList section */
	};
	rootObject = 8D912C722B22EA720022A5A1 /* Project object */;
}
